# This file is automatically @generated by Cargo.
# It is not intended for manual editing.
[[package]]
name = "either"
version = "1.5.3"
source = "registry+https://github.com/rust-lang/crates.io-index"
checksum = "bb1f6b1ce1c140482ea30ddd3335fc0024ac7ee112895426e0a629a6c20adfe3"

[[package]]
name = "gtmpl"
version = "0.5.7"
source = "registry+https://github.com/rust-lang/crates.io-index"
checksum = "d8405fdf62797bed53de9d3c0e11bc2714484b615969f1d94f755779c504af15"
dependencies = [
 "gtmpl_value",
 "itertools",
 "lazy_static",
 "percent-encoding",
]

[[package]]
name = "gtmpl_helpers"
version = "0.1.2"
dependencies = [
 "gtmpl",
 "gtmpl_value",
]

[[package]]
name = "gtmpl_value"
version = "0.3.3"
source = "registry+https://github.com/rust-lang/crates.io-index"
checksum = "a1993b2a77fb10a996f4421a33deaa78dbac73a7914b9873088567e2556b6842"

[[package]]
name = "itertools"
version = "0.7.11"
source = "registry+https://github.com/rust-lang/crates.io-index"
checksum = "0d47946d458e94a1b7bcabbf6521ea7c037062c81f534615abcad76e84d4970d"
dependencies = [
 "either",
]

[[package]]
name = "lazy_static"
version = "1.4.0"
source = "registry+https://github.com/rust-lang/crates.io-index"
checksum = "e2abad23fbc42b3700f2f279844dc832adb2b2eb069b2df918f455c4e18cc646"

[[package]]
name = "percent-encoding"
version = "1.0.1"
source = "registry+https://github.com/rust-lang/crates.io-index"
checksum = "31010dd2e1ac33d5b46a5b413495239882813e0369f8ed8a5e266f173602f831"
