# This file is automatically @generated by Cargo.
# It is not intended for manual editing.
[[package]]
name = "either"
version = "1.5.3"
source = "registry+https://github.com/rust-lang/crates.io-index"
checksum = "bb1f6b1ce1c140482ea30ddd3335fc0024ac7ee112895426e0a629a6c20adfe3"

[[package]]
name = "gtmpl"
version = "0.5.7"
source = "registry+https://github.com/rust-lang/crates.io-index"
checksum = "d8405fdf62797bed53de9d3c0e11bc2714484b615969f1d94f755779c504af15"
dependencies = [
 "gtmpl_value",
 "itertools",
 "lazy_static",
 "percent-encoding",
]

[[package]]
name = "gtmpl_derive"
version = "0.3.3"
source = "registry+https://github.com/rust-lang/crates.io-index"
checksum = "393950c5da76638d602cba19caf0d3d1086cb59c7260f7e0a7f436d62047209f"
dependencies = [
 "gtmpl_value",
 "proc-macro2",
 "quote",
 "syn",
]

[[package]]
name = "gtmpl_helpers"
version = "0.1.0"
dependencies = [
 "gtmpl",
 "gtmpl_derive",
 "gtmpl_value",
]

[[package]]
name = "gtmpl_value"
version = "0.3.3"
source = "registry+https://github.com/rust-lang/crates.io-index"
checksum = "a1993b2a77fb10a996f4421a33deaa78dbac73a7914b9873088567e2556b6842"

[[package]]
name = "itertools"
version = "0.7.11"
source = "registry+https://github.com/rust-lang/crates.io-index"
checksum = "0d47946d458e94a1b7bcabbf6521ea7c037062c81f534615abcad76e84d4970d"
dependencies = [
 "either",
]

[[package]]
name = "lazy_static"
version = "1.4.0"
source = "registry+https://github.com/rust-lang/crates.io-index"
checksum = "e2abad23fbc42b3700f2f279844dc832adb2b2eb069b2df918f455c4e18cc646"

[[package]]
name = "percent-encoding"
version = "1.0.1"
source = "registry+https://github.com/rust-lang/crates.io-index"
checksum = "31010dd2e1ac33d5b46a5b413495239882813e0369f8ed8a5e266f173602f831"

[[package]]
name = "proc-macro2"
version = "0.4.30"
source = "registry+https://github.com/rust-lang/crates.io-index"
checksum = "cf3d2011ab5c909338f7887f4fc896d35932e29146c12c8d01da6b22a80ba759"
dependencies = [
 "unicode-xid",
]

[[package]]
name = "quote"
version = "0.6.13"
source = "registry+https://github.com/rust-lang/crates.io-index"
checksum = "6ce23b6b870e8f94f81fb0a363d65d86675884b34a09043c81e5562f11c1f8e1"
dependencies = [
 "proc-macro2",
]

[[package]]
name = "syn"
version = "0.15.44"
source = "registry+https://github.com/rust-lang/crates.io-index"
checksum = "9ca4b3b69a77cbe1ffc9e198781b7acb0c7365a883670e8f1c1bc66fba79a5c5"
dependencies = [
 "proc-macro2",
 "quote",
 "unicode-xid",
]

[[package]]
name = "unicode-xid"
version = "0.1.0"
source = "registry+https://github.com/rust-lang/crates.io-index"
checksum = "fc72304796d0818e357ead4e000d19c9c174ab23dc11093ac919054d20a6a7fc"
